
Microsoft Visual Studio Solution File, Format Version 12.00
# Visual Studio Version 17
VisualStudioVersion = 17.14.36623.8
MinimumVisualStudioVersion = 10.0.40219.1
Project("{FAE04EC0-301F-11D3-BF4B-00C04F79EFBC}") = "Jugador", "Jugador\Jugador.csproj", "{6623DB60-42A3-49CC-B13E-8390B49089F1}"
EndProject
Project("{FAE04EC0-301F-11D3-BF4B-00C04F79EFBC}") = "JugadorTests", "JugadorTests\JugadorTests.csproj", "{097A0B13-0931-49D0-983B-29D5995FC13D}"
EndProject
Global
	GlobalSection(SolutionConfigurationPlatforms) = preSolution
		Debug|Any CPU = Debug|Any CPU
		Release|Any CPU = Release|Any CPU
	EndGlobalSection
	GlobalSection(ProjectConfigurationPlatforms) = postSolution
		{6623DB60-42A3-49CC-B13E-8390B49089F1}.Debug|Any CPU.ActiveCfg = Debug|Any CPU
		{6623DB60-42A3-49CC-B13E-8390B49089F1}.Debug|Any CPU.Build.0 = Debug|Any CPU
		{6623DB60-42A3-49CC-B13E-8390B49089F1}.Release|Any CPU.ActiveCfg = Release|Any CPU
		{6623DB60-42A3-49CC-B13E-8390B49089F1}.Release|Any CPU.Build.0 = Release|Any CPU
		{097A0B13-0931-49D0-983B-29D5995FC13D}.Debug|Any CPU.ActiveCfg = Debug|Any CPU
		{097A0B13-0931-49D0-983B-29D5995FC13D}.Debug|Any CPU.Build.0 = Debug|Any CPU
		{097A0B13-0931-49D0-983B-29D5995FC13D}.Release|Any CPU.ActiveCfg = Release|Any CPU
		{097A0B13-0931-49D0-983B-29D5995FC13D}.Release|Any CPU.Build.0 = Release|Any CPU
	EndGlobalSection
	GlobalSection(SolutionProperties) = preSolution
		HideSolutionNode = FALSE
	EndGlobalSection
	GlobalSection(ExtensibilityGlobals) = postSolution
		SolutionGuid = {00684CE3-FEEF-494B-895D-10E3796E5933}
	EndGlobalSection
EndGlobal
